
Microsoft Visual Studio Solution File, Format Version 11.00
# Visual Studio 2010
Project("{FAE04EC0-301F-11D3-BF4B-00C04F79EFBC}") = "GPS Testing", "Assembly-CSharp.csproj", "{08FD984F-40CF-D5B8-515B-D4A0D8BD758C}"
EndProject
Global
	GlobalSection(SolutionConfigurationPlatforms) = preSolution
		Debug|Any CPU = Debug|Any CPU
		Release|Any CPU = Release|Any CPU
	EndGlobalSection
	GlobalSection(ProjectConfigurationPlatforms) = postSolution
		{08FD984F-40CF-D5B8-515B-D4A0D8BD758C}.Debug|Any CPU.ActiveCfg = Debug|Any CPU
		{08FD984F-40CF-D5B8-515B-D4A0D8BD758C}.Debug|Any CPU.Build.0 = Debug|Any CPU
		{08FD984F-40CF-D5B8-515B-D4A0D8BD758C}.Release|Any CPU.ActiveCfg = Release|Any CPU
		{08FD984F-40CF-D5B8-515B-D4A0D8BD758C}.Release|Any CPU.Build.0 = Release|Any CPU
	EndGlobalSection
	GlobalSection(SolutionProperties) = preSolution
		HideSolutionNode = FALSE
	EndGlobalSection
	GlobalSection(MonoDevelopProperties) = preSolution
		StartupItem = Assembly-CSharp.csproj
	EndGlobalSection
EndGlobal
